
Microsoft Visual Studio Solution File, Format Version 12.00
# Visual Studio Version 16
VisualStudioVersion = 16.0.31702.278
MinimumVisualStudioVersion = 10.0.40219.1
Project("{FAE04EC0-301F-11D3-BF4B-00C04F79EFBC}") = "curs12", "curs12\curs12.csproj", "{75BB1CB5-4840-491C-9D8C-133DA647FC0F}"
EndProject
Project("{FAE04EC0-301F-11D3-BF4B-00C04F79EFBC}") = "curs12ex_suma34", "curs12ex_suma34\curs12ex_suma34.csproj", "{5F6AC0DA-6D7A-49D3-87E6-9C60C6171EC0}"
EndProject
Project("{FAE04EC0-301F-11D3-BF4B-00C04F79EFBC}") = "curs12ex_generare_patrat_magic", "curs12ex_generare_patrat_magic\curs12ex_generare_patrat_magic.csproj", "{926BC715-CBA3-4038-B368-59C70A696E96}"
EndProject
Project("{FAE04EC0-301F-11D3-BF4B-00C04F79EFBC}") = "curs12ex_dame_sah", "curs12ex_dame_sah\curs12ex_dame_sah.csproj", "{874AF666-5380-4DC5-844A-2CF6167B5ECF}"
EndProject
Global
	GlobalSection(SolutionConfigurationPlatforms) = preSolution
		Debug|Any CPU = Debug|Any CPU
		Release|Any CPU = Release|Any CPU
	EndGlobalSection
	GlobalSection(ProjectConfigurationPlatforms) = postSolution
		{75BB1CB5-4840-491C-9D8C-133DA647FC0F}.Debug|Any CPU.ActiveCfg = Debug|Any CPU
		{75BB1CB5-4840-491C-9D8C-133DA647FC0F}.Debug|Any CPU.Build.0 = Debug|Any CPU
		{75BB1CB5-4840-491C-9D8C-133DA647FC0F}.Release|Any CPU.ActiveCfg = Release|Any CPU
		{75BB1CB5-4840-491C-9D8C-133DA647FC0F}.Release|Any CPU.Build.0 = Release|Any CPU
		{5F6AC0DA-6D7A-49D3-87E6-9C60C6171EC0}.Debug|Any CPU.ActiveCfg = Debug|Any CPU
		{5F6AC0DA-6D7A-49D3-87E6-9C60C6171EC0}.Debug|Any CPU.Build.0 = Debug|Any CPU
		{5F6AC0DA-6D7A-49D3-87E6-9C60C6171EC0}.Release|Any CPU.ActiveCfg = Release|Any CPU
		{5F6AC0DA-6D7A-49D3-87E6-9C60C6171EC0}.Release|Any CPU.Build.0 = Release|Any CPU
		{926BC715-CBA3-4038-B368-59C70A696E96}.Debug|Any CPU.ActiveCfg = Debug|Any CPU
		{926BC715-CBA3-4038-B368-59C70A696E96}.Debug|Any CPU.Build.0 = Debug|Any CPU
		{926BC715-CBA3-4038-B368-59C70A696E96}.Release|Any CPU.ActiveCfg = Release|Any CPU
		{926BC715-CBA3-4038-B368-59C70A696E96}.Release|Any CPU.Build.0 = Release|Any CPU
		{874AF666-5380-4DC5-844A-2CF6167B5ECF}.Debug|Any CPU.ActiveCfg = Debug|Any CPU
		{874AF666-5380-4DC5-844A-2CF6167B5ECF}.Debug|Any CPU.Build.0 = Debug|Any CPU
		{874AF666-5380-4DC5-844A-2CF6167B5ECF}.Release|Any CPU.ActiveCfg = Release|Any CPU
		{874AF666-5380-4DC5-844A-2CF6167B5ECF}.Release|Any CPU.Build.0 = Release|Any CPU
	EndGlobalSection
	GlobalSection(SolutionProperties) = preSolution
		HideSolutionNode = FALSE
	EndGlobalSection
	GlobalSection(ExtensibilityGlobals) = postSolution
		SolutionGuid = {BDD8D2AB-1739-4F82-A0E8-FC941D8648B6}
	EndGlobalSection
EndGlobal
